
Microsoft Visual Studio Solution File, Format Version 12.00
# Visual Studio Version 16
VisualStudioVersion = 16.0.31911.196
MinimumVisualStudioVersion = 10.0.40219.1
Project("{FAE04EC0-301F-11D3-BF4B-00C04F79EFBC}") = "Bike.Web", "Bike.Web\Bike.Web.csproj", "{2C4601BE-92AE-4F09-8D18-5E39F38F7EAF}"
EndProject
Global
	GlobalSection(SolutionConfigurationPlatforms) = preSolution
		Debug|Any CPU = Debug|Any CPU
		Release|Any CPU = Release|Any CPU
	EndGlobalSection
	GlobalSection(ProjectConfigurationPlatforms) = postSolution
		{2C4601BE-92AE-4F09-8D18-5E39F38F7EAF}.Debug|Any CPU.ActiveCfg = Debug|Any CPU
		{2C4601BE-92AE-4F09-8D18-5E39F38F7EAF}.Debug|Any CPU.Build.0 = Debug|Any CPU
		{2C4601BE-92AE-4F09-8D18-5E39F38F7EAF}.Release|Any CPU.ActiveCfg = Release|Any CPU
		{2C4601BE-92AE-4F09-8D18-5E39F38F7EAF}.Release|Any CPU.Build.0 = Release|Any CPU
	EndGlobalSection
	GlobalSection(SolutionProperties) = preSolution
		HideSolutionNode = FALSE
	EndGlobalSection
	GlobalSection(ExtensibilityGlobals) = postSolution
		SolutionGuid = {73684C1F-25C2-48C2-B182-7EFCB6847043}
	EndGlobalSection
EndGlobal
